{
  "name": "helpdesk",
  "version": "1.0.0",
  "lockfileVersion": 3,
  "requires": true,
  "packages": {
    "": {
      "name": "helpdesk",
      "version": "1.0.0",
      "workspaces": [
        "apps/*"
      ],
      "engines": {
        "node": "20.20.2",
        "npm": "10.8.2"
      }
    }
  }
}
